// !$*UTF8*$!
{
	archiveVersion = 1;
	classes = {
	};
	objectVersion = 46;
	objects = {

/* Begin PBXAggregateTarget section */
		C544C43D89B04946F5F9DB6E /* ALL_BUILD */ = {
			isa = PBXAggregateTarget;
			buildConfigurationList = 2797C77AEBA34882AD9416B3 /* Build configuration list for PBXAggregateTarget "ALL_BUILD" */;
			buildPhases = (
				CB00C2B9B63D6F4FF4137019 /* Generate CMakeFiles/ALL_BUILD */,
			);
			dependencies = (
				300776ABBE07484CBAC5E024 /* PBXTargetDependency */,
				0466A755C1C9403B8794B14A /* PBXTargetDependency */,
			);
			name = ALL_BUILD;
			productName = ALL_BUILD;
		};
/* End PBXAggregateTarget section */

/* Begin PBXBuildFile section */
		11F7B8D6EFB24333BC3F1178 /* /Users/tekt/creations/ffgltd/FFGLTouchEngine2/src/plugins/FFGLTouchEngineFX/TouchEngineFX.cpp */ = {isa = PBXBuildFile; fileRef = 30A08A14BDDD4224B176FA4C /* /Users/tekt/creations/ffgltd/FFGLTouchEngine2/src/plugins/FFGLTouchEngineFX/TouchEngineFX.cpp */; };
		1DCFE344F558437694FF8E89 /* /Users/tekt/creations/ffgltd/FFGLTouchEngine2/src/plugins/FFGLTouchEngine/TouchEngine.h */ = {isa = PBXBuildFile; fileRef = BDC7C04D69B6420FA99EFC86 /* /Users/tekt/creations/ffgltd/FFGLTouchEngine2/src/plugins/FFGLTouchEngine/TouchEngine.h */; };
		3B51ED663D454DE79C0EF3E4 /* /Users/tekt/creations/ffgltd/FFGLTouchEngine2/src/plugins/FFGLTouchEngine/TouchEngine.cpp */ = {isa = PBXBuildFile; fileRef = B51B7D52A64B40A080252B74 /* /Users/tekt/creations/ffgltd/FFGLTouchEngine2/src/plugins/FFGLTouchEngine/TouchEngine.cpp */; };
		44ADF6A5E5974DC0917F790E /* /Users/tekt/creations/ffgltd/FFGLTouchEngine2/src/lib/FFGL/FFGLSDK.cpp */ = {isa = PBXBuildFile; fileRef = 2414ECD81D5649ACB2B79C73 /* /Users/tekt/creations/ffgltd/FFGLTouchEngine2/src/lib/FFGL/FFGLSDK.cpp */; };
		49F2387086F4418C99E77BDE /* /Users/tekt/creations/ffgltd/FFGLTouchEngine2/src/plugins/FFGLTouchEngine/CMakeLists.txt */ = {isa = PBXBuildFile; fileRef = 4D7CA39035544CA8865F506C /* /Users/tekt/creations/ffgltd/FFGLTouchEngine2/src/plugins/FFGLTouchEngine/CMakeLists.txt */; };
		4F734514848E47F2B20B0660 /* /Applications/Xcode.app/Contents/Developer/Platforms/MacOSX.platform/Developer/SDKs/MacOSX14.5.sdk/System/Library/Frameworks/OpenGL.framework */ = {isa = PBXBuildFile; fileRef = 1D94F528F9E14A438DA73285 /* /Applications/Xcode.app/Contents/Developer/Platforms/MacOSX.platform/Developer/SDKs/MacOSX14.5.sdk/System/Library/Frameworks/OpenGL.framework */; };
		5A7CF4C5DC844BC5B9429A9B /* /Users/tekt/creations/ffgltd/FFGLTouchEngine2/src/lib/FFGL/FFGLSDK.h */ = {isa = PBXBuildFile; fileRef = 639D062D61174CF6AA66967B /* /Users/tekt/creations/ffgltd/FFGLTouchEngine2/src/lib/FFGL/FFGLSDK.h */; };
		5EC3AC50D44242F19A482282 /* /Users/tekt/creations/ffgltd/FFGLTouchEngine2/src/lib/FFGL/FFGLSDK.h */ = {isa = PBXBuildFile; fileRef = 23BFBCBD587548108CFAA44C /* /Users/tekt/creations/ffgltd/FFGLTouchEngine2/src/lib/FFGL/FFGLSDK.h */; };
		883205EBAB954BA2BE7F48ED /* /Users/tekt/creations/ffgltd/FFGLTouchEngine2/src/lib/FFGL/FFGLSDK.cpp */ = {isa = PBXBuildFile; fileRef = 1CCF983B04A24829AC4B8717 /* /Users/tekt/creations/ffgltd/FFGLTouchEngine2/src/lib/FFGL/FFGLSDK.cpp */; };
		D4677AA0CD314BB3A949AB15 /* /Users/tekt/creations/ffgltd/FFGLTouchEngine2/src/plugins/FFGLTouchEngineFX/CMakeLists.txt */ = {isa = PBXBuildFile; fileRef = 8264C2F9353242978CAF2366 /* /Users/tekt/creations/ffgltd/FFGLTouchEngine2/src/plugins/FFGLTouchEngineFX/CMakeLists.txt */; };
		DE1D19CD16434651B668F9D0 /* /Users/tekt/creations/ffgltd/FFGLTouchEngine2/src/plugins/FFGLTouchEngineFX/TouchEngineFX.h */ = {isa = PBXBuildFile; fileRef = C77E9698D1FA44A1ADF8E533 /* /Users/tekt/creations/ffgltd/FFGLTouchEngine2/src/plugins/FFGLTouchEngineFX/TouchEngineFX.h */; };
/* End PBXBuildFile section */

/* Begin PBXBuildStyle section */
		07BA7800B314421BA526B64F /* Release */ = {
			isa = PBXBuildStyle;
			buildSettings = {
				COPY_PHASE_STRIP = NO;
			};
			name = Release;
		};
		277D3246AC244D738FCCD105 /* MinSizeRel */ = {
			isa = PBXBuildStyle;
			buildSettings = {
				COPY_PHASE_STRIP = NO;
			};
			name = MinSizeRel;
		};
		53E3D5E2A7A344BDB7E79A04 /* RelWithDebInfo */ = {
			isa = PBXBuildStyle;
			buildSettings = {
				COPY_PHASE_STRIP = NO;
			};
			name = RelWithDebInfo;
		};
		AD781C358C824AB999724C07 /* Debug */ = {
			isa = PBXBuildStyle;
			buildSettings = {
				COPY_PHASE_STRIP = NO;
			};
			name = Debug;
		};
/* End PBXBuildStyle section */

/* Begin PBXContainerItemProxy section */
		8A2FC904EA5049FB9FF77C4D /* PBXContainerItemProxy */ = {
			isa = PBXContainerItemProxy;
			containerPortal = 01C82F7D8F10461CB8C48E6C /* Project object */;
			proxyType = 1;
			remoteGlobalIDString = D5CA3D8BC44F5197079BB145;
			remoteInfo = FFGLTouchEngineFX;
		};
		D784C1FA25924CE3AEF9E031 /* PBXContainerItemProxy */ = {
			isa = PBXContainerItemProxy;
			containerPortal = 01C82F7D8F10461CB8C48E6C /* Project object */;
			proxyType = 1;
			remoteGlobalIDString = A70142B65D3D09E4D2533741;
			remoteInfo = FFGLTouchEngine;
		};
/* End PBXContainerItemProxy section */

/* Begin PBXFileReference section */
		105D03CA0C9540CEAF492689 /* /Users/tekt/creations/ffgltd/FFGLTouchEngine2/CMakeLists.txt */ = {isa = PBXFileReference; explicitFileType = sourcecode.text; fileEncoding = 4; name = CMakeLists.txt; path = CMakeLists.txt; sourceTree = SOURCE_ROOT; };
		1CCF983B04A24829AC4B8717 /* /Users/tekt/creations/ffgltd/FFGLTouchEngine2/src/lib/FFGL/FFGLSDK.cpp */ = {isa = PBXFileReference; explicitFileType = sourcecode.cpp.cpp; fileEncoding = 4; name = FFGLSDK.cpp; path = src/lib/FFGL/FFGLSDK.cpp; sourceTree = SOURCE_ROOT; };
		1D94F528F9E14A438DA73285 /* /Applications/Xcode.app/Contents/Developer/Platforms/MacOSX.platform/Developer/SDKs/MacOSX14.5.sdk/System/Library/Frameworks/OpenGL.framework */ = {isa = PBXFileReference; fileEncoding = 4; lastKnownFileType = wrapper.framework; name = OpenGL.framework; path = /Applications/Xcode.app/Contents/Developer/Platforms/MacOSX.platform/Developer/SDKs/MacOSX14.5.sdk/System/Library/Frameworks/OpenGL.framework; sourceTree = "<absolute>"; };
		23BFBCBD587548108CFAA44C /* /Users/tekt/creations/ffgltd/FFGLTouchEngine2/src/lib/FFGL/FFGLSDK.h */ = {isa = PBXFileReference; explicitFileType = sourcecode.c.h; fileEncoding = 4; name = FFGLSDK.h; path = src/lib/FFGL/FFGLSDK.h; sourceTree = SOURCE_ROOT; };
		2414ECD81D5649ACB2B79C73 /* /Users/tekt/creations/ffgltd/FFGLTouchEngine2/src/lib/FFGL/FFGLSDK.cpp */ = {isa = PBXFileReference; explicitFileType = sourcecode.cpp.cpp; fileEncoding = 4; name = FFGLSDK.cpp; path = src/lib/FFGL/FFGLSDK.cpp; sourceTree = SOURCE_ROOT; };
		30A08A14BDDD4224B176FA4C /* /Users/tekt/creations/ffgltd/FFGLTouchEngine2/src/plugins/FFGLTouchEngineFX/TouchEngineFX.cpp */ = {isa = PBXFileReference; explicitFileType = sourcecode.cpp.cpp; fileEncoding = 4; name = TouchEngineFX.cpp; path = src/plugins/FFGLTouchEngineFX/TouchEngineFX.cpp; sourceTree = SOURCE_ROOT; };
		4D7CA39035544CA8865F506C /* /Users/tekt/creations/ffgltd/FFGLTouchEngine2/src/plugins/FFGLTouchEngine/CMakeLists.txt */ = {isa = PBXFileReference; explicitFileType = sourcecode.text; fileEncoding = 4; name = CMakeLists.txt; path = src/plugins/FFGLTouchEngine/CMakeLists.txt; sourceTree = SOURCE_ROOT; };
		639D062D61174CF6AA66967B /* /Users/tekt/creations/ffgltd/FFGLTouchEngine2/src/lib/FFGL/FFGLSDK.h */ = {isa = PBXFileReference; explicitFileType = sourcecode.c.h; fileEncoding = 4; name = FFGLSDK.h; path = src/lib/FFGL/FFGLSDK.h; sourceTree = SOURCE_ROOT; };
		8264C2F9353242978CAF2366 /* /Users/tekt/creations/ffgltd/FFGLTouchEngine2/src/plugins/FFGLTouchEngineFX/CMakeLists.txt */ = {isa = PBXFileReference; explicitFileType = sourcecode.text; fileEncoding = 4; name = CMakeLists.txt; path = src/plugins/FFGLTouchEngineFX/CMakeLists.txt; sourceTree = SOURCE_ROOT; };
		84EB360B87F3495D9A6D9657 /* FFGLTouchEngine */ = {isa = PBXFileReference; explicitFileType = "compiled.mach-o.dylib"; path = libFFGLTouchEngine.dylib; sourceTree = BUILT_PRODUCTS_DIR; };
		B1CC2B0B82D048DFB5F964E3 /* FFGLTouchEngineFX */ = {isa = PBXFileReference; explicitFileType = "compiled.mach-o.dylib"; path = libFFGLTouchEngineFX.dylib; sourceTree = BUILT_PRODUCTS_DIR; };
		B51B7D52A64B40A080252B74 /* /Users/tekt/creations/ffgltd/FFGLTouchEngine2/src/plugins/FFGLTouchEngine/TouchEngine.cpp */ = {isa = PBXFileReference; explicitFileType = sourcecode.cpp.cpp; fileEncoding = 4; name = TouchEngine.cpp; path = src/plugins/FFGLTouchEngine/TouchEngine.cpp; sourceTree = SOURCE_ROOT; };
		BDC7C04D69B6420FA99EFC86 /* /Users/tekt/creations/ffgltd/FFGLTouchEngine2/src/plugins/FFGLTouchEngine/TouchEngine.h */ = {isa = PBXFileReference; explicitFileType = sourcecode.c.h; fileEncoding = 4; name = TouchEngine.h; path = src/plugins/FFGLTouchEngine/TouchEngine.h; sourceTree = SOURCE_ROOT; };
		C77E9698D1FA44A1ADF8E533 /* /Users/tekt/creations/ffgltd/FFGLTouchEngine2/src/plugins/FFGLTouchEngineFX/TouchEngineFX.h */ = {isa = PBXFileReference; explicitFileType = sourcecode.c.h; fileEncoding = 4; name = TouchEngineFX.h; path = src/plugins/FFGLTouchEngineFX/TouchEngineFX.h; sourceTree = SOURCE_ROOT; };
/* End PBXFileReference section */

/* Begin PBXFrameworksBuildPhase section */
		4DDA9A9022C8494A8E4EBDA5 /* Frameworks */ = {
			isa = PBXFrameworksBuildPhase;
			buildActionMask = 2147483647;
			files = (
			);
			runOnlyForDeploymentPostprocessing = 0;
		};
		97C0BA65EE0A4D35AF2CC814 /* Frameworks */ = {
			isa = PBXFrameworksBuildPhase;
			buildActionMask = 2147483647;
			files = (
			);
			runOnlyForDeploymentPostprocessing = 0;
		};
/* End PBXFrameworksBuildPhase section */

/* Begin PBXGroup section */
		0595FEE5B0F048579F22A5BF /* CMake Rules */ = {
			isa = PBXGroup;
			children = (
			);
			name = "CMake Rules";
			sourceTree = "<group>";
		};
		06C5D532862043009FBA96B7 /* Header Files */ = {
			isa = PBXGroup;
			children = (
				23BFBCBD587548108CFAA44C /* /Users/tekt/creations/ffgltd/FFGLTouchEngine2/src/lib/FFGL/FFGLSDK.h */,
				BDC7C04D69B6420FA99EFC86 /* /Users/tekt/creations/ffgltd/FFGLTouchEngine2/src/plugins/FFGLTouchEngine/TouchEngine.h */,
			);
			name = "Header Files";
			sourceTree = "<group>";
		};
		127B163B539448B0AD61547D /* Frameworks */ = {
			isa = PBXGroup;
			children = (
				1D94F528F9E14A438DA73285 /* /Applications/Xcode.app/Contents/Developer/Platforms/MacOSX.platform/Developer/SDKs/MacOSX14.5.sdk/System/Library/Frameworks/OpenGL.framework */,
			);
			name = Frameworks;
			sourceTree = "<group>";
		};
		4CB54821F4C24917913E5AED /* Header Files */ = {
			isa = PBXGroup;
			children = (
				639D062D61174CF6AA66967B /* /Users/tekt/creations/ffgltd/FFGLTouchEngine2/src/lib/FFGL/FFGLSDK.h */,
				C77E9698D1FA44A1ADF8E533 /* /Users/tekt/creations/ffgltd/FFGLTouchEngine2/src/plugins/FFGLTouchEngineFX/TouchEngineFX.h */,
			);
			name = "Header Files";
			sourceTree = "<group>";
		};
		513148C56469427B9BE82FAD /* FFGLTouchEngineFX */ = {
			isa = PBXGroup;
			children = (
				4CB54821F4C24917913E5AED /* Header Files */,
				6827A087F0A14CBF8BE858F5 /* Source Files */,
				8264C2F9353242978CAF2366 /* /Users/tekt/creations/ffgltd/FFGLTouchEngine2/src/plugins/FFGLTouchEngineFX/CMakeLists.txt */,
			);
			name = FFGLTouchEngineFX;
			sourceTree = "<group>";
		};
		61F81E7CD9124632B79A0B82 /* ALL_BUILD */ = {
			isa = PBXGroup;
			children = (
				0595FEE5B0F048579F22A5BF /* CMake Rules */,
				105D03CA0C9540CEAF492689 /* /Users/tekt/creations/ffgltd/FFGLTouchEngine2/CMakeLists.txt */,
			);
			name = ALL_BUILD;
			sourceTree = "<group>";
		};
		6827A087F0A14CBF8BE858F5 /* Source Files */ = {
			isa = PBXGroup;
			children = (
				2414ECD81D5649ACB2B79C73 /* /Users/tekt/creations/ffgltd/FFGLTouchEngine2/src/lib/FFGL/FFGLSDK.cpp */,
				30A08A14BDDD4224B176FA4C /* /Users/tekt/creations/ffgltd/FFGLTouchEngine2/src/plugins/FFGLTouchEngineFX/TouchEngineFX.cpp */,
			);
			name = "Source Files";
			sourceTree = "<group>";
		};
		6F7C465CC4DF46C2A3BAF867 /* FFGLTouchEngine */ = {
			isa = PBXGroup;
			children = (
				06C5D532862043009FBA96B7 /* Header Files */,
				F8D7D30B74D34A948067979F /* Source Files */,
				4D7CA39035544CA8865F506C /* /Users/tekt/creations/ffgltd/FFGLTouchEngine2/src/plugins/FFGLTouchEngine/CMakeLists.txt */,
			);
			name = FFGLTouchEngine;
			sourceTree = "<group>";
		};
		77150A9780DE40DAB8CF7F81 /* Products */ = {
			isa = PBXGroup;
			children = (
				84EB360B87F3495D9A6D9657 /* FFGLTouchEngine */,
				B1CC2B0B82D048DFB5F964E3 /* FFGLTouchEngineFX */,
			);
			name = Products;
			sourceTree = "<group>";
		};
		90CF7151FA2A49269D73EB1C = {
			isa = PBXGroup;
			children = (
				61F81E7CD9124632B79A0B82 /* ALL_BUILD */,
				6F7C465CC4DF46C2A3BAF867 /* FFGLTouchEngine */,
				513148C56469427B9BE82FAD /* FFGLTouchEngineFX */,
				77150A9780DE40DAB8CF7F81 /* Products */,
				127B163B539448B0AD61547D /* Frameworks */,
				D701657F0DCE42AEA485E1AB /* Resources */,
			);
			sourceTree = "<group>";
		};
		D701657F0DCE42AEA485E1AB /* Resources */ = {
			isa = PBXGroup;
			children = (
			);
			name = Resources;
			sourceTree = "<group>";
		};
		F8D7D30B74D34A948067979F /* Source Files */ = {
			isa = PBXGroup;
			children = (
				1CCF983B04A24829AC4B8717 /* /Users/tekt/creations/ffgltd/FFGLTouchEngine2/src/lib/FFGL/FFGLSDK.cpp */,
				B51B7D52A64B40A080252B74 /* /Users/tekt/creations/ffgltd/FFGLTouchEngine2/src/plugins/FFGLTouchEngine/TouchEngine.cpp */,
			);
			name = "Source Files";
			sourceTree = "<group>";
		};
/* End PBXGroup section */

/* Begin PBXNativeTarget section */
		A70142B65D3D09E4D2533741 /* FFGLTouchEngine */ = {
			isa = PBXNativeTarget;
			buildConfigurationList = 8565B37AF08E46A0949FB214 /* Build configuration list for PBXNativeTarget "FFGLTouchEngine" */;
			buildPhases = (
				B0B7C04AAE764318B2BD531E /* Sources */,
				4DDA9A9022C8494A8E4EBDA5 /* Frameworks */,
				9400E11943AA82749516C635 /* CMake PostBuild Rules */,
			);
			buildRules = (
			);
			dependencies = (
			);
			name = FFGLTouchEngine;
			productName = FFGLTouchEngine;
			productReference = 84EB360B87F3495D9A6D9657 /* FFGLTouchEngine */;
			productType = "com.apple.product-type.library.dynamic";
		};
		D5CA3D8BC44F5197079BB145 /* FFGLTouchEngineFX */ = {
			isa = PBXNativeTarget;
			buildConfigurationList = 2DEE180F606D42A395DF6BDB /* Build configuration list for PBXNativeTarget "FFGLTouchEngineFX" */;
			buildPhases = (
				17016C9D75BB4C97A9B6D308 /* Sources */,
				97C0BA65EE0A4D35AF2CC814 /* Frameworks */,
				FEEE6166692C8D301BFD95BA /* CMake PostBuild Rules */,
			);
			buildRules = (
			);
			dependencies = (
			);
			name = FFGLTouchEngineFX;
			productName = FFGLTouchEngineFX;
			productReference = B1CC2B0B82D048DFB5F964E3 /* FFGLTouchEngineFX */;
			productType = "com.apple.product-type.library.dynamic";
		};
/* End PBXNativeTarget section */

/* Begin PBXProject section */
		01C82F7D8F10461CB8C48E6C /* Project object */ = {
			isa = PBXProject;
			attributes = {
				BuildIndependentTargetsInParallel = YES;
				LastUpgradeCheck = 1540;
			};
			buildConfigurationList = BB3D6BB2EA4147CB958E26CE /* Build configuration list for PBXProject "FFGLTouchEngine" */;
			buildSettings = {
			};
			buildStyles = (
				AD781C358C824AB999724C07 /* Debug */,
				07BA7800B314421BA526B64F /* Release */,
				277D3246AC244D738FCCD105 /* MinSizeRel */,
				53E3D5E2A7A344BDB7E79A04 /* RelWithDebInfo */,
			);
			compatibilityVersion = "Xcode 3.2";
			hasScannedForEncodings = 0;
			mainGroup = 90CF7151FA2A49269D73EB1C;
			projectDirPath = .;
			projectRoot = "";
			targets = (
				C544C43D89B04946F5F9DB6E /* ALL_BUILD */,
				A70142B65D3D09E4D2533741 /* FFGLTouchEngine */,
				D5CA3D8BC44F5197079BB145 /* FFGLTouchEngineFX */,
			);
		};
/* End PBXProject section */

/* Begin PBXShellScriptBuildPhase section */
		9400E11943AA82749516C635 /* CMake PostBuild Rules */ = {
			isa = PBXShellScriptBuildPhase;
			alwaysOutOfDate = 1;
			buildActionMask = 2147483647;
			files = (
			);
			name = "CMake PostBuild Rules";
			outputPaths = (
			);
			runOnlyForDeploymentPostprocessing = 0;
			shellPath = /bin/sh;
			shellScript = "set -e
if test \"$CONFIGURATION\" = \"Debug\"; then :
  cd /Users/tekt/creations/ffgltd/FFGLTouchEngine2/src/plugins/FFGLTouchEngine
  /usr/local/bin/cmake -E cmake_symlink_library /Users/tekt/creations/ffgltd/FFGLTouchEngine2/src/plugins/FFGLTouchEngine/Debug/libFFGLTouchEngine.dylib /Users/tekt/creations/ffgltd/FFGLTouchEngine2/src/plugins/FFGLTouchEngine/Debug/libFFGLTouchEngine.dylib /Users/tekt/creations/ffgltd/FFGLTouchEngine2/src/plugins/FFGLTouchEngine/Debug/libFFGLTouchEngine.dylib
fi
if test \"$CONFIGURATION\" = \"Release\"; then :
  cd /Users/tekt/creations/ffgltd/FFGLTouchEngine2/src/plugins/FFGLTouchEngine
  /usr/local/bin/cmake -E cmake_symlink_library /Users/tekt/creations/ffgltd/FFGLTouchEngine2/src/plugins/FFGLTouchEngine/Release/libFFGLTouchEngine.dylib /Users/tekt/creations/ffgltd/FFGLTouchEngine2/src/plugins/FFGLTouchEngine/Release/libFFGLTouchEngine.dylib /Users/tekt/creations/ffgltd/FFGLTouchEngine2/src/plugins/FFGLTouchEngine/Release/libFFGLTouchEngine.dylib
fi
if test \"$CONFIGURATION\" = \"MinSizeRel\"; then :
  cd /Users/tekt/creations/ffgltd/FFGLTouchEngine2/src/plugins/FFGLTouchEngine
  /usr/local/bin/cmake -E cmake_symlink_library /Users/tekt/creations/ffgltd/FFGLTouchEngine2/src/plugins/FFGLTouchEngine/MinSizeRel/libFFGLTouchEngine.dylib /Users/tekt/creations/ffgltd/FFGLTouchEngine2/src/plugins/FFGLTouchEngine/MinSizeRel/libFFGLTouchEngine.dylib /Users/tekt/creations/ffgltd/FFGLTouchEngine2/src/plugins/FFGLTouchEngine/MinSizeRel/libFFGLTouchEngine.dylib
fi
if test \"$CONFIGURATION\" = \"RelWithDebInfo\"; then :
  cd /Users/tekt/creations/ffgltd/FFGLTouchEngine2/src/plugins/FFGLTouchEngine
  /usr/local/bin/cmake -E cmake_symlink_library /Users/tekt/creations/ffgltd/FFGLTouchEngine2/src/plugins/FFGLTouchEngine/RelWithDebInfo/libFFGLTouchEngine.dylib /Users/tekt/creations/ffgltd/FFGLTouchEngine2/src/plugins/FFGLTouchEngine/RelWithDebInfo/libFFGLTouchEngine.dylib /Users/tekt/creations/ffgltd/FFGLTouchEngine2/src/plugins/FFGLTouchEngine/RelWithDebInfo/libFFGLTouchEngine.dylib
fi
";
			showEnvVarsInLog = 0;
		};
		9B50530E35CC49C82C2FACCF = {
			isa = PBXShellScriptBuildPhase;
			buildActionMask = 2147483647;
			files = (
			);
			inputPaths = (
			);
			outputPaths = (
			);
			runOnlyForDeploymentPostprocessing = 0;
			shellPath = /bin/sh;
			shellScript = "# shell script goes here
exit 0";
			showEnvVarsInLog = 0;
		};
		CB00C2B9B63D6F4FF4137019 /* Generate CMakeFiles/ALL_BUILD */ = {
			isa = PBXShellScriptBuildPhase;
			alwaysOutOfDate = 1;
			buildActionMask = 2147483647;
			files = (
			);
			inputPaths = (
			);
			name = "Generate CMakeFiles/ALL_BUILD";
			outputPaths = (
/Users/tekt/creations/ffgltd/FFGLTouchEngine2/CMakeFiles/ALL_BUILD			);
			runOnlyForDeploymentPostprocessing = 0;
			shellPath = /bin/sh;
			shellScript = "set -e
if test \"$CONFIGURATION\" = \"Debug\"; then :
  cd /Users/tekt/creations/ffgltd/FFGLTouchEngine2
  echo Build\\ all\\ projects
fi
if test \"$CONFIGURATION\" = \"Release\"; then :
  cd /Users/tekt/creations/ffgltd/FFGLTouchEngine2
  echo Build\\ all\\ projects
fi
if test \"$CONFIGURATION\" = \"MinSizeRel\"; then :
  cd /Users/tekt/creations/ffgltd/FFGLTouchEngine2
  echo Build\\ all\\ projects
fi
if test \"$CONFIGURATION\" = \"RelWithDebInfo\"; then :
  cd /Users/tekt/creations/ffgltd/FFGLTouchEngine2
  echo Build\\ all\\ projects
fi
";
			showEnvVarsInLog = 0;
		};
		FEEE6166692C8D301BFD95BA /* CMake PostBuild Rules */ = {
			isa = PBXShellScriptBuildPhase;
			alwaysOutOfDate = 1;
			buildActionMask = 2147483647;
			files = (
			);
			name = "CMake PostBuild Rules";
			outputPaths = (
			);
			runOnlyForDeploymentPostprocessing = 0;
			shellPath = /bin/sh;
			shellScript = "set -e
if test \"$CONFIGURATION\" = \"Debug\"; then :
  cd /Users/tekt/creations/ffgltd/FFGLTouchEngine2/src/plugins/FFGLTouchEngineFX
  /usr/local/bin/cmake -E cmake_symlink_library /Users/tekt/creations/ffgltd/FFGLTouchEngine2/src/plugins/FFGLTouchEngineFX/Debug/libFFGLTouchEngineFX.dylib /Users/tekt/creations/ffgltd/FFGLTouchEngine2/src/plugins/FFGLTouchEngineFX/Debug/libFFGLTouchEngineFX.dylib /Users/tekt/creations/ffgltd/FFGLTouchEngine2/src/plugins/FFGLTouchEngineFX/Debug/libFFGLTouchEngineFX.dylib
fi
if test \"$CONFIGURATION\" = \"Release\"; then :
  cd /Users/tekt/creations/ffgltd/FFGLTouchEngine2/src/plugins/FFGLTouchEngineFX
  /usr/local/bin/cmake -E cmake_symlink_library /Users/tekt/creations/ffgltd/FFGLTouchEngine2/src/plugins/FFGLTouchEngineFX/Release/libFFGLTouchEngineFX.dylib /Users/tekt/creations/ffgltd/FFGLTouchEngine2/src/plugins/FFGLTouchEngineFX/Release/libFFGLTouchEngineFX.dylib /Users/tekt/creations/ffgltd/FFGLTouchEngine2/src/plugins/FFGLTouchEngineFX/Release/libFFGLTouchEngineFX.dylib
fi
if test \"$CONFIGURATION\" = \"MinSizeRel\"; then :
  cd /Users/tekt/creations/ffgltd/FFGLTouchEngine2/src/plugins/FFGLTouchEngineFX
  /usr/local/bin/cmake -E cmake_symlink_library /Users/tekt/creations/ffgltd/FFGLTouchEngine2/src/plugins/FFGLTouchEngineFX/MinSizeRel/libFFGLTouchEngineFX.dylib /Users/tekt/creations/ffgltd/FFGLTouchEngine2/src/plugins/FFGLTouchEngineFX/MinSizeRel/libFFGLTouchEngineFX.dylib /Users/tekt/creations/ffgltd/FFGLTouchEngine2/src/plugins/FFGLTouchEngineFX/MinSizeRel/libFFGLTouchEngineFX.dylib
fi
if test \"$CONFIGURATION\" = \"RelWithDebInfo\"; then :
  cd /Users/tekt/creations/ffgltd/FFGLTouchEngine2/src/plugins/FFGLTouchEngineFX
  /usr/local/bin/cmake -E cmake_symlink_library /Users/tekt/creations/ffgltd/FFGLTouchEngine2/src/plugins/FFGLTouchEngineFX/RelWithDebInfo/libFFGLTouchEngineFX.dylib /Users/tekt/creations/ffgltd/FFGLTouchEngine2/src/plugins/FFGLTouchEngineFX/RelWithDebInfo/libFFGLTouchEngineFX.dylib /Users/tekt/creations/ffgltd/FFGLTouchEngine2/src/plugins/FFGLTouchEngineFX/RelWithDebInfo/libFFGLTouchEngineFX.dylib
fi
";
			showEnvVarsInLog = 0;
		};
/* End PBXShellScriptBuildPhase section */

/* Begin PBXSourcesBuildPhase section */
		17016C9D75BB4C97A9B6D308 /* Sources */ = {
			isa = PBXSourcesBuildPhase;
			buildActionMask = 2147483647;
			files = (
				44ADF6A5E5974DC0917F790E /* /Users/tekt/creations/ffgltd/FFGLTouchEngine2/src/lib/FFGL/FFGLSDK.cpp */,
				11F7B8D6EFB24333BC3F1178 /* /Users/tekt/creations/ffgltd/FFGLTouchEngine2/src/plugins/FFGLTouchEngineFX/TouchEngineFX.cpp */,
			);
			runOnlyForDeploymentPostprocessing = 0;
		};
		B0B7C04AAE764318B2BD531E /* Sources */ = {
			isa = PBXSourcesBuildPhase;
			buildActionMask = 2147483647;
			files = (
				883205EBAB954BA2BE7F48ED /* /Users/tekt/creations/ffgltd/FFGLTouchEngine2/src/lib/FFGL/FFGLSDK.cpp */,
				3B51ED663D454DE79C0EF3E4 /* /Users/tekt/creations/ffgltd/FFGLTouchEngine2/src/plugins/FFGLTouchEngine/TouchEngine.cpp */,
			);
			runOnlyForDeploymentPostprocessing = 0;
		};
/* End PBXSourcesBuildPhase section */

/* Begin PBXTargetDependency section */
		0466A755C1C9403B8794B14A /* PBXTargetDependency */ = {
			isa = PBXTargetDependency;
			target = D5CA3D8BC44F5197079BB145 /* FFGLTouchEngineFX */;
			targetProxy = 8A2FC904EA5049FB9FF77C4D /* PBXContainerItemProxy */;
		};
		300776ABBE07484CBAC5E024 /* PBXTargetDependency */ = {
			isa = PBXTargetDependency;
			target = A70142B65D3D09E4D2533741 /* FFGLTouchEngine */;
			targetProxy = D784C1FA25924CE3AEF9E031 /* PBXContainerItemProxy */;
		};
/* End PBXTargetDependency section */

/* Begin XCBuildConfiguration section */
		1B1E0585C49E4F488F12F408 /* Release */ = {
			isa = XCBuildConfiguration;
			buildSettings = {
				ARCHS = "$(NATIVE_ARCH_ACTUAL)";
				MACOSX_DEPLOYMENT_TARGET = 14.1;
				ONLY_ACTIVE_ARCH = YES;
				SDKROOT = /Applications/Xcode.app/Contents/Developer/Platforms/MacOSX.platform/Developer/SDKs/MacOSX14.5.sdk;
				SWIFT_COMPILATION_MODE = wholemodule;
				SYMROOT = /Users/tekt/creations/ffgltd/FFGLTouchEngine2/build;
			};
			name = Release;
		};
		36B0FCEA400F406CA1AE00C1 /* MinSizeRel */ = {
			isa = XCBuildConfiguration;
			buildSettings = {
				ALWAYS_SEARCH_USER_PATHS = NO;
				COMBINE_HIDPI_IMAGES = YES;
				CONFIGURATION_BUILD_DIR = /Users/tekt/creations/ffgltd/FFGLTouchEngine2/src/plugins/FFGLTouchEngineFX/MinSizeRel;
				DYLIB_COMPATIBILITY_VERSION = "";
				DYLIB_CURRENT_VERSION = "";
				EXECUTABLE_PREFIX = lib;
				EXECUTABLE_SUFFIX = .dylib;
				FRAMEWORK_SEARCH_PATHS = (/Users/tekt/creations/ffgltd/FFGLTouchEngine2/src/plugins/FFGLTouchEngineFX/../../../lib/TouchEngine,"$(inherited)");
				GCC_GENERATE_DEBUGGING_SYMBOLS = NO;
				GCC_INLINES_ARE_PRIVATE_EXTERN = NO;
				GCC_OPTIMIZATION_LEVEL = s;
				GCC_PREPROCESSOR_DEFINITIONS = ("'CMAKE_INTDIR=\"$(CONFIGURATION)$(EFFECTIVE_PLATFORM_NAME)\"'",FFGLTouchEngineFX_EXPORTS,"$(inherited)");
				GCC_SYMBOLS_PRIVATE_EXTERN = NO;
				HEADER_SEARCH_PATHS = ("/Users/tekt/creations/ffgltd/FFGLTouchEngine2/src/plugins/FFGLTouchEngineFX/../../lib/metal-cpp",/Users/tekt/creations/ffgltd/FFGLTouchEngine2/src/plugins/FFGLTouchEngineFX/../../../include,/Users/tekt/creations/ffgltd/FFGLTouchEngine2/src/plugins/FFGLTouchEngineFX/../../lib,"$(inherited)");
				INSTALL_PATH = "@rpath";
				LIBRARY_STYLE = DYNAMIC;
				OTHER_CPLUSPLUSFLAGS = "    -DNDEBUG '-std=gnu++17' -fPIC ";
				OTHER_LDFLAGS = (" -dynamiclib -Wl,-headerpad_max_install_names","-framework TouchEngine","-framework Foundation","-framework QuartzCore","-framework Metal","-framework OpenGL","$(inherited)");
				OTHER_REZFLAGS = "";
				PRODUCT_NAME = FFGLTouchEngineFX;
				SECTORDER_FLAGS = "";
				SYSTEM_FRAMEWORK_SEARCH_PATHS = (/Applications/Xcode.app/Contents/Developer/Platforms/MacOSX.platform/Developer/SDKs/MacOSX14.5.sdk/System/Library/Frameworks,"$(inherited)");
				TARGET_TEMP_DIR = "/Users/tekt/creations/ffgltd/FFGLTouchEngine2/build/FFGLTouchEngineFX.build/$(CONFIGURATION)$(EFFECTIVE_PLATFORM_NAME)";
				USE_HEADERMAP = NO;
				WARNING_CFLAGS = ("$(inherited)");
			};
			name = MinSizeRel;
		};
		3DD8F07FD10940BFA88D63CD /* Release */ = {
			isa = XCBuildConfiguration;
			buildSettings = {
				ALWAYS_SEARCH_USER_PATHS = NO;
				COMBINE_HIDPI_IMAGES = YES;
				CONFIGURATION_BUILD_DIR = /Users/tekt/creations/ffgltd/FFGLTouchEngine2/src/plugins/FFGLTouchEngine/Release;
				DYLIB_COMPATIBILITY_VERSION = "";
				DYLIB_CURRENT_VERSION = "";
				EXECUTABLE_PREFIX = lib;
				EXECUTABLE_SUFFIX = .dylib;
				FRAMEWORK_SEARCH_PATHS = (/Users/tekt/creations/ffgltd/FFGLTouchEngine2/src/plugins/FFGLTouchEngine/../../../lib/TouchEngine,"$(inherited)");
				GCC_GENERATE_DEBUGGING_SYMBOLS = NO;
				GCC_INLINES_ARE_PRIVATE_EXTERN = NO;
				GCC_OPTIMIZATION_LEVEL = 3;
				GCC_PREPROCESSOR_DEFINITIONS = ("'CMAKE_INTDIR=\"$(CONFIGURATION)$(EFFECTIVE_PLATFORM_NAME)\"'",FFGLTouchEngine_EXPORTS,"$(inherited)");
				GCC_SYMBOLS_PRIVATE_EXTERN = NO;
				HEADER_SEARCH_PATHS = ("/Users/tekt/creations/ffgltd/FFGLTouchEngine2/src/plugins/FFGLTouchEngine/../../lib/metal-cpp",/Users/tekt/creations/ffgltd/FFGLTouchEngine2/src/plugins/FFGLTouchEngine/../../../include,/Users/tekt/creations/ffgltd/FFGLTouchEngine2/src/plugins/FFGLTouchEngine/../../lib,"$(inherited)");
				INSTALL_PATH = "@rpath";
				LIBRARY_STYLE = DYNAMIC;
				OTHER_CPLUSPLUSFLAGS = "    -DNDEBUG '-std=gnu++17' -fPIC ";
				OTHER_LDFLAGS = (" -dynamiclib -Wl,-headerpad_max_install_names","-framework TouchEngine","-framework Foundation","-framework QuartzCore","-framework Metal","-framework OpenGL","$(inherited)");
				OTHER_REZFLAGS = "";
				PRODUCT_NAME = FFGLTouchEngine;
				SECTORDER_FLAGS = "";
				SYSTEM_FRAMEWORK_SEARCH_PATHS = (/Applications/Xcode.app/Contents/Developer/Platforms/MacOSX.platform/Developer/SDKs/MacOSX14.5.sdk/System/Library/Frameworks,"$(inherited)");
				TARGET_TEMP_DIR = "/Users/tekt/creations/ffgltd/FFGLTouchEngine2/build/FFGLTouchEngine.build/$(CONFIGURATION)$(EFFECTIVE_PLATFORM_NAME)";
				USE_HEADERMAP = NO;
				WARNING_CFLAGS = ("$(inherited)");
			};
			name = Release;
		};
		4B77D105A49043B5A2568F81 /* Debug */ = {
			isa = XCBuildConfiguration;
			buildSettings = {
				ALWAYS_SEARCH_USER_PATHS = NO;
				COMBINE_HIDPI_IMAGES = YES;
				CONFIGURATION_BUILD_DIR = /Users/tekt/creations/ffgltd/FFGLTouchEngine2/src/plugins/FFGLTouchEngine/Debug;
				DYLIB_COMPATIBILITY_VERSION = "";
				DYLIB_CURRENT_VERSION = "";
				EXECUTABLE_PREFIX = lib;
				EXECUTABLE_SUFFIX = .dylib;
				FRAMEWORK_SEARCH_PATHS = (/Users/tekt/creations/ffgltd/FFGLTouchEngine2/src/plugins/FFGLTouchEngine/../../../lib/TouchEngine,"$(inherited)");
				GCC_GENERATE_DEBUGGING_SYMBOLS = YES;
				GCC_INLINES_ARE_PRIVATE_EXTERN = NO;
				GCC_OPTIMIZATION_LEVEL = 0;
				GCC_PREPROCESSOR_DEFINITIONS = ("'CMAKE_INTDIR=\"$(CONFIGURATION)$(EFFECTIVE_PLATFORM_NAME)\"'",FFGLTouchEngine_EXPORTS,"$(inherited)");
				GCC_SYMBOLS_PRIVATE_EXTERN = NO;
				HEADER_SEARCH_PATHS = ("/Users/tekt/creations/ffgltd/FFGLTouchEngine2/src/plugins/FFGLTouchEngine/../../lib/metal-cpp",/Users/tekt/creations/ffgltd/FFGLTouchEngine2/src/plugins/FFGLTouchEngine/../../../include,/Users/tekt/creations/ffgltd/FFGLTouchEngine2/src/plugins/FFGLTouchEngine/../../lib,"$(inherited)");
				INSTALL_PATH = "@rpath";
				LIBRARY_STYLE = DYNAMIC;
				OTHER_CPLUSPLUSFLAGS = "   '-std=gnu++17' -fPIC ";
				OTHER_LDFLAGS = (" -dynamiclib -Wl,-headerpad_max_install_names","-framework TouchEngine","-framework Foundation","-framework QuartzCore","-framework Metal","-framework OpenGL","$(inherited)");
				OTHER_REZFLAGS = "";
				PRODUCT_NAME = FFGLTouchEngine;
				SECTORDER_FLAGS = "";
				SYSTEM_FRAMEWORK_SEARCH_PATHS = (/Applications/Xcode.app/Contents/Developer/Platforms/MacOSX.platform/Developer/SDKs/MacOSX14.5.sdk/System/Library/Frameworks,"$(inherited)");
				TARGET_TEMP_DIR = "/Users/tekt/creations/ffgltd/FFGLTouchEngine2/build/FFGLTouchEngine.build/$(CONFIGURATION)$(EFFECTIVE_PLATFORM_NAME)";
				USE_HEADERMAP = NO;
				WARNING_CFLAGS = ("$(inherited)");
			};
			name = Debug;
		};
		50FC60E74B5348A9904C2A6B /* MinSizeRel */ = {
			isa = XCBuildConfiguration;
			buildSettings = {
				ARCHS = "$(NATIVE_ARCH_ACTUAL)";
				MACOSX_DEPLOYMENT_TARGET = 14.1;
				ONLY_ACTIVE_ARCH = YES;
				SDKROOT = /Applications/Xcode.app/Contents/Developer/Platforms/MacOSX.platform/Developer/SDKs/MacOSX14.5.sdk;
				SWIFT_COMPILATION_MODE = wholemodule;
				SYMROOT = /Users/tekt/creations/ffgltd/FFGLTouchEngine2/build;
			};
			name = MinSizeRel;
		};
		579E621A4C5042BB9E38985E /* RelWithDebInfo */ = {
			isa = XCBuildConfiguration;
			buildSettings = {
				ALWAYS_SEARCH_USER_PATHS = NO;
				COMBINE_HIDPI_IMAGES = YES;
				GCC_GENERATE_DEBUGGING_SYMBOLS = YES;
				GCC_INLINES_ARE_PRIVATE_EXTERN = NO;
				GCC_OPTIMIZATION_LEVEL = 0;
				GCC_PREPROCESSOR_DEFINITIONS = ("'CMAKE_INTDIR=\"$(CONFIGURATION)$(EFFECTIVE_PLATFORM_NAME)\"'","$(inherited)");
				GCC_SYMBOLS_PRIVATE_EXTERN = NO;
				INSTALL_PATH = "";
				OTHER_LDFLAGS = ("","$(inherited)");
				OTHER_REZFLAGS = "";
				PRODUCT_NAME = ALL_BUILD;
				SECTORDER_FLAGS = "";
				USE_HEADERMAP = NO;
				WARNING_CFLAGS = ("$(inherited)");
			};
			name = RelWithDebInfo;
		};
		5868A06C73DE4038A90785A9 /* RelWithDebInfo */ = {
			isa = XCBuildConfiguration;
			buildSettings = {
				ARCHS = "$(NATIVE_ARCH_ACTUAL)";
				MACOSX_DEPLOYMENT_TARGET = 14.1;
				ONLY_ACTIVE_ARCH = YES;
				SDKROOT = /Applications/Xcode.app/Contents/Developer/Platforms/MacOSX.platform/Developer/SDKs/MacOSX14.5.sdk;
				SWIFT_COMPILATION_MODE = wholemodule;
				SYMROOT = /Users/tekt/creations/ffgltd/FFGLTouchEngine2/build;
			};
			name = RelWithDebInfo;
		};
		62E5F0A917304118B1DD7436 /* RelWithDebInfo */ = {
			isa = XCBuildConfiguration;
			buildSettings = {
				ALWAYS_SEARCH_USER_PATHS = NO;
				COMBINE_HIDPI_IMAGES = YES;
				CONFIGURATION_BUILD_DIR = /Users/tekt/creations/ffgltd/FFGLTouchEngine2/src/plugins/FFGLTouchEngineFX/RelWithDebInfo;
				DYLIB_COMPATIBILITY_VERSION = "";
				DYLIB_CURRENT_VERSION = "";
				EXECUTABLE_PREFIX = lib;
				EXECUTABLE_SUFFIX = .dylib;
				FRAMEWORK_SEARCH_PATHS = (/Users/tekt/creations/ffgltd/FFGLTouchEngine2/src/plugins/FFGLTouchEngineFX/../../../lib/TouchEngine,"$(inherited)");
				GCC_GENERATE_DEBUGGING_SYMBOLS = YES;
				GCC_INLINES_ARE_PRIVATE_EXTERN = NO;
				GCC_OPTIMIZATION_LEVEL = 2;
				GCC_PREPROCESSOR_DEFINITIONS = ("'CMAKE_INTDIR=\"$(CONFIGURATION)$(EFFECTIVE_PLATFORM_NAME)\"'",FFGLTouchEngineFX_EXPORTS,"$(inherited)");
				GCC_SYMBOLS_PRIVATE_EXTERN = NO;
				HEADER_SEARCH_PATHS = ("/Users/tekt/creations/ffgltd/FFGLTouchEngine2/src/plugins/FFGLTouchEngineFX/../../lib/metal-cpp",/Users/tekt/creations/ffgltd/FFGLTouchEngine2/src/plugins/FFGLTouchEngineFX/../../../include,/Users/tekt/creations/ffgltd/FFGLTouchEngine2/src/plugins/FFGLTouchEngineFX/../../lib,"$(inherited)");
				INSTALL_PATH = "@rpath";
				LIBRARY_STYLE = DYNAMIC;
				OTHER_CPLUSPLUSFLAGS = "       -DNDEBUG '-std=gnu++17' -fPIC ";
				OTHER_LDFLAGS = (" -dynamiclib -Wl,-headerpad_max_install_names","-framework TouchEngine","-framework Foundation","-framework QuartzCore","-framework Metal","-framework OpenGL","$(inherited)");
				OTHER_REZFLAGS = "";
				PRODUCT_NAME = FFGLTouchEngineFX;
				SECTORDER_FLAGS = "";
				SYSTEM_FRAMEWORK_SEARCH_PATHS = (/Applications/Xcode.app/Contents/Developer/Platforms/MacOSX.platform/Developer/SDKs/MacOSX14.5.sdk/System/Library/Frameworks,"$(inherited)");
				TARGET_TEMP_DIR = "/Users/tekt/creations/ffgltd/FFGLTouchEngine2/build/FFGLTouchEngineFX.build/$(CONFIGURATION)$(EFFECTIVE_PLATFORM_NAME)";
				USE_HEADERMAP = NO;
				WARNING_CFLAGS = ("$(inherited)");
			};
			name = RelWithDebInfo;
		};
		67E96E56153A4882BEDCB5D8 /* Debug */ = {
			isa = XCBuildConfiguration;
			buildSettings = {
				ARCHS = "$(NATIVE_ARCH_ACTUAL)";
				MACOSX_DEPLOYMENT_TARGET = 14.1;
				ONLY_ACTIVE_ARCH = YES;
				SDKROOT = /Applications/Xcode.app/Contents/Developer/Platforms/MacOSX.platform/Developer/SDKs/MacOSX14.5.sdk;
				SYMROOT = /Users/tekt/creations/ffgltd/FFGLTouchEngine2/build;
			};
			name = Debug;
		};
		690A47719ADC41948558D077 /* RelWithDebInfo */ = {
			isa = XCBuildConfiguration;
			buildSettings = {
				ALWAYS_SEARCH_USER_PATHS = NO;
				COMBINE_HIDPI_IMAGES = YES;
				CONFIGURATION_BUILD_DIR = /Users/tekt/creations/ffgltd/FFGLTouchEngine2/src/plugins/FFGLTouchEngine/RelWithDebInfo;
				DYLIB_COMPATIBILITY_VERSION = "";
				DYLIB_CURRENT_VERSION = "";
				EXECUTABLE_PREFIX = lib;
				EXECUTABLE_SUFFIX = .dylib;
				FRAMEWORK_SEARCH_PATHS = (/Users/tekt/creations/ffgltd/FFGLTouchEngine2/src/plugins/FFGLTouchEngine/../../../lib/TouchEngine,"$(inherited)");
				GCC_GENERATE_DEBUGGING_SYMBOLS = YES;
				GCC_INLINES_ARE_PRIVATE_EXTERN = NO;
				GCC_OPTIMIZATION_LEVEL = 2;
				GCC_PREPROCESSOR_DEFINITIONS = ("'CMAKE_INTDIR=\"$(CONFIGURATION)$(EFFECTIVE_PLATFORM_NAME)\"'",FFGLTouchEngine_EXPORTS,"$(inherited)");
				GCC_SYMBOLS_PRIVATE_EXTERN = NO;
				HEADER_SEARCH_PATHS = ("/Users/tekt/creations/ffgltd/FFGLTouchEngine2/src/plugins/FFGLTouchEngine/../../lib/metal-cpp",/Users/tekt/creations/ffgltd/FFGLTouchEngine2/src/plugins/FFGLTouchEngine/../../../include,/Users/tekt/creations/ffgltd/FFGLTouchEngine2/src/plugins/FFGLTouchEngine/../../lib,"$(inherited)");
				INSTALL_PATH = "@rpath";
				LIBRARY_STYLE = DYNAMIC;
				OTHER_CPLUSPLUSFLAGS = "       -DNDEBUG '-std=gnu++17' -fPIC ";
				OTHER_LDFLAGS = (" -dynamiclib -Wl,-headerpad_max_install_names","-framework TouchEngine","-framework Foundation","-framework QuartzCore","-framework Metal","-framework OpenGL","$(inherited)");
				OTHER_REZFLAGS = "";
				PRODUCT_NAME = FFGLTouchEngine;
				SECTORDER_FLAGS = "";
				SYSTEM_FRAMEWORK_SEARCH_PATHS = (/Applications/Xcode.app/Contents/Developer/Platforms/MacOSX.platform/Developer/SDKs/MacOSX14.5.sdk/System/Library/Frameworks,"$(inherited)");
				TARGET_TEMP_DIR = "/Users/tekt/creations/ffgltd/FFGLTouchEngine2/build/FFGLTouchEngine.build/$(CONFIGURATION)$(EFFECTIVE_PLATFORM_NAME)";
				USE_HEADERMAP = NO;
				WARNING_CFLAGS = ("$(inherited)");
			};
			name = RelWithDebInfo;
		};
		6DAD1A30E66841259D1CD9CD /* Release */ = {
			isa = XCBuildConfiguration;
			buildSettings = {
				ALWAYS_SEARCH_USER_PATHS = NO;
				COMBINE_HIDPI_IMAGES = YES;
				CONFIGURATION_BUILD_DIR = /Users/tekt/creations/ffgltd/FFGLTouchEngine2/src/plugins/FFGLTouchEngineFX/Release;
				DYLIB_COMPATIBILITY_VERSION = "";
				DYLIB_CURRENT_VERSION = "";
				EXECUTABLE_PREFIX = lib;
				EXECUTABLE_SUFFIX = .dylib;
				FRAMEWORK_SEARCH_PATHS = (/Users/tekt/creations/ffgltd/FFGLTouchEngine2/src/plugins/FFGLTouchEngineFX/../../../lib/TouchEngine,"$(inherited)");
				GCC_GENERATE_DEBUGGING_SYMBOLS = NO;
				GCC_INLINES_ARE_PRIVATE_EXTERN = NO;
				GCC_OPTIMIZATION_LEVEL = 3;
				GCC_PREPROCESSOR_DEFINITIONS = ("'CMAKE_INTDIR=\"$(CONFIGURATION)$(EFFECTIVE_PLATFORM_NAME)\"'",FFGLTouchEngineFX_EXPORTS,"$(inherited)");
				GCC_SYMBOLS_PRIVATE_EXTERN = NO;
				HEADER_SEARCH_PATHS = ("/Users/tekt/creations/ffgltd/FFGLTouchEngine2/src/plugins/FFGLTouchEngineFX/../../lib/metal-cpp",/Users/tekt/creations/ffgltd/FFGLTouchEngine2/src/plugins/FFGLTouchEngineFX/../../../include,/Users/tekt/creations/ffgltd/FFGLTouchEngine2/src/plugins/FFGLTouchEngineFX/../../lib,"$(inherited)");
				INSTALL_PATH = "@rpath";
				LIBRARY_STYLE = DYNAMIC;
				OTHER_CPLUSPLUSFLAGS = "    -DNDEBUG '-std=gnu++17' -fPIC ";
				OTHER_LDFLAGS = (" -dynamiclib -Wl,-headerpad_max_install_names","-framework TouchEngine","-framework Foundation","-framework QuartzCore","-framework Metal","-framework OpenGL","$(inherited)");
				OTHER_REZFLAGS = "";
				PRODUCT_NAME = FFGLTouchEngineFX;
				SECTORDER_FLAGS = "";
				SYSTEM_FRAMEWORK_SEARCH_PATHS = (/Applications/Xcode.app/Contents/Developer/Platforms/MacOSX.platform/Developer/SDKs/MacOSX14.5.sdk/System/Library/Frameworks,"$(inherited)");
				TARGET_TEMP_DIR = "/Users/tekt/creations/ffgltd/FFGLTouchEngine2/build/FFGLTouchEngineFX.build/$(CONFIGURATION)$(EFFECTIVE_PLATFORM_NAME)";
				USE_HEADERMAP = NO;
				WARNING_CFLAGS = ("$(inherited)");
			};
			name = Release;
		};
		78D95AC3E41C43B4A3D69B3C /* Debug */ = {
			isa = XCBuildConfiguration;
			buildSettings = {
				ALWAYS_SEARCH_USER_PATHS = NO;
				COMBINE_HIDPI_IMAGES = YES;
				CONFIGURATION_BUILD_DIR = /Users/tekt/creations/ffgltd/FFGLTouchEngine2/src/plugins/FFGLTouchEngineFX/Debug;
				DYLIB_COMPATIBILITY_VERSION = "";
				DYLIB_CURRENT_VERSION = "";
				EXECUTABLE_PREFIX = lib;
				EXECUTABLE_SUFFIX = .dylib;
				FRAMEWORK_SEARCH_PATHS = (/Users/tekt/creations/ffgltd/FFGLTouchEngine2/src/plugins/FFGLTouchEngineFX/../../../lib/TouchEngine,"$(inherited)");
				GCC_GENERATE_DEBUGGING_SYMBOLS = YES;
				GCC_INLINES_ARE_PRIVATE_EXTERN = NO;
				GCC_OPTIMIZATION_LEVEL = 0;
				GCC_PREPROCESSOR_DEFINITIONS = ("'CMAKE_INTDIR=\"$(CONFIGURATION)$(EFFECTIVE_PLATFORM_NAME)\"'",FFGLTouchEngineFX_EXPORTS,"$(inherited)");
				GCC_SYMBOLS_PRIVATE_EXTERN = NO;
				HEADER_SEARCH_PATHS = ("/Users/tekt/creations/ffgltd/FFGLTouchEngine2/src/plugins/FFGLTouchEngineFX/../../lib/metal-cpp",/Users/tekt/creations/ffgltd/FFGLTouchEngine2/src/plugins/FFGLTouchEngineFX/../../../include,/Users/tekt/creations/ffgltd/FFGLTouchEngine2/src/plugins/FFGLTouchEngineFX/../../lib,"$(inherited)");
				INSTALL_PATH = "@rpath";
				LIBRARY_STYLE = DYNAMIC;
				OTHER_CPLUSPLUSFLAGS = "   '-std=gnu++17' -fPIC ";
				OTHER_LDFLAGS = (" -dynamiclib -Wl,-headerpad_max_install_names","-framework TouchEngine","-framework Foundation","-framework QuartzCore","-framework Metal","-framework OpenGL","$(inherited)");
				OTHER_REZFLAGS = "";
				PRODUCT_NAME = FFGLTouchEngineFX;
				SECTORDER_FLAGS = "";
				SYSTEM_FRAMEWORK_SEARCH_PATHS = (/Applications/Xcode.app/Contents/Developer/Platforms/MacOSX.platform/Developer/SDKs/MacOSX14.5.sdk/System/Library/Frameworks,"$(inherited)");
				TARGET_TEMP_DIR = "/Users/tekt/creations/ffgltd/FFGLTouchEngine2/build/FFGLTouchEngineFX.build/$(CONFIGURATION)$(EFFECTIVE_PLATFORM_NAME)";
				USE_HEADERMAP = NO;
				WARNING_CFLAGS = ("$(inherited)");
			};
			name = Debug;
		};
		A69731D2540E43F1BDD18B97 /* MinSizeRel */ = {
			isa = XCBuildConfiguration;
			buildSettings = {
				ALWAYS_SEARCH_USER_PATHS = NO;
				COMBINE_HIDPI_IMAGES = YES;
				GCC_GENERATE_DEBUGGING_SYMBOLS = YES;
				GCC_INLINES_ARE_PRIVATE_EXTERN = NO;
				GCC_OPTIMIZATION_LEVEL = 0;
				GCC_PREPROCESSOR_DEFINITIONS = ("'CMAKE_INTDIR=\"$(CONFIGURATION)$(EFFECTIVE_PLATFORM_NAME)\"'","$(inherited)");
				GCC_SYMBOLS_PRIVATE_EXTERN = NO;
				INSTALL_PATH = "";
				OTHER_LDFLAGS = ("","$(inherited)");
				OTHER_REZFLAGS = "";
				PRODUCT_NAME = ALL_BUILD;
				SECTORDER_FLAGS = "";
				USE_HEADERMAP = NO;
				WARNING_CFLAGS = ("$(inherited)");
			};
			name = MinSizeRel;
		};
		A8EA0FD0821A468EA9052E3B /* MinSizeRel */ = {
			isa = XCBuildConfiguration;
			buildSettings = {
				ALWAYS_SEARCH_USER_PATHS = NO;
				COMBINE_HIDPI_IMAGES = YES;
				CONFIGURATION_BUILD_DIR = /Users/tekt/creations/ffgltd/FFGLTouchEngine2/src/plugins/FFGLTouchEngine/MinSizeRel;
				DYLIB_COMPATIBILITY_VERSION = "";
				DYLIB_CURRENT_VERSION = "";
				EXECUTABLE_PREFIX = lib;
				EXECUTABLE_SUFFIX = .dylib;
				FRAMEWORK_SEARCH_PATHS = (/Users/tekt/creations/ffgltd/FFGLTouchEngine2/src/plugins/FFGLTouchEngine/../../../lib/TouchEngine,"$(inherited)");
				GCC_GENERATE_DEBUGGING_SYMBOLS = NO;
				GCC_INLINES_ARE_PRIVATE_EXTERN = NO;
				GCC_OPTIMIZATION_LEVEL = s;
				GCC_PREPROCESSOR_DEFINITIONS = ("'CMAKE_INTDIR=\"$(CONFIGURATION)$(EFFECTIVE_PLATFORM_NAME)\"'",FFGLTouchEngine_EXPORTS,"$(inherited)");
				GCC_SYMBOLS_PRIVATE_EXTERN = NO;
				HEADER_SEARCH_PATHS = ("/Users/tekt/creations/ffgltd/FFGLTouchEngine2/src/plugins/FFGLTouchEngine/../../lib/metal-cpp",/Users/tekt/creations/ffgltd/FFGLTouchEngine2/src/plugins/FFGLTouchEngine/../../../include,/Users/tekt/creations/ffgltd/FFGLTouchEngine2/src/plugins/FFGLTouchEngine/../../lib,"$(inherited)");
				INSTALL_PATH = "@rpath";
				LIBRARY_STYLE = DYNAMIC;
				OTHER_CPLUSPLUSFLAGS = "    -DNDEBUG '-std=gnu++17' -fPIC ";
				OTHER_LDFLAGS = (" -dynamiclib -Wl,-headerpad_max_install_names","-framework TouchEngine","-framework Foundation","-framework QuartzCore","-framework Metal","-framework OpenGL","$(inherited)");
				OTHER_REZFLAGS = "";
				PRODUCT_NAME = FFGLTouchEngine;
				SECTORDER_FLAGS = "";
				SYSTEM_FRAMEWORK_SEARCH_PATHS = (/Applications/Xcode.app/Contents/Developer/Platforms/MacOSX.platform/Developer/SDKs/MacOSX14.5.sdk/System/Library/Frameworks,"$(inherited)");
				TARGET_TEMP_DIR = "/Users/tekt/creations/ffgltd/FFGLTouchEngine2/build/FFGLTouchEngine.build/$(CONFIGURATION)$(EFFECTIVE_PLATFORM_NAME)";
				USE_HEADERMAP = NO;
				WARNING_CFLAGS = ("$(inherited)");
			};
			name = MinSizeRel;
		};
		DDB8FD0BB1F24A0682C85E36 /* Debug */ = {
			isa = XCBuildConfiguration;
			buildSettings = {
				ALWAYS_SEARCH_USER_PATHS = NO;
				COMBINE_HIDPI_IMAGES = YES;
				GCC_GENERATE_DEBUGGING_SYMBOLS = YES;
				GCC_INLINES_ARE_PRIVATE_EXTERN = NO;
				GCC_OPTIMIZATION_LEVEL = 0;
				GCC_PREPROCESSOR_DEFINITIONS = ("'CMAKE_INTDIR=\"$(CONFIGURATION)$(EFFECTIVE_PLATFORM_NAME)\"'","$(inherited)");
				GCC_SYMBOLS_PRIVATE_EXTERN = NO;
				INSTALL_PATH = "";
				OTHER_LDFLAGS = ("","$(inherited)");
				OTHER_REZFLAGS = "";
				PRODUCT_NAME = ALL_BUILD;
				SECTORDER_FLAGS = "";
				USE_HEADERMAP = NO;
				WARNING_CFLAGS = ("$(inherited)");
			};
			name = Debug;
		};
		EDF7A0A82B37401B8FDE0E78 /* Release */ = {
			isa = XCBuildConfiguration;
			buildSettings = {
				ALWAYS_SEARCH_USER_PATHS = NO;
				COMBINE_HIDPI_IMAGES = YES;
				GCC_GENERATE_DEBUGGING_SYMBOLS = YES;
				GCC_INLINES_ARE_PRIVATE_EXTERN = NO;
				GCC_OPTIMIZATION_LEVEL = 0;
				GCC_PREPROCESSOR_DEFINITIONS = ("'CMAKE_INTDIR=\"$(CONFIGURATION)$(EFFECTIVE_PLATFORM_NAME)\"'","$(inherited)");
				GCC_SYMBOLS_PRIVATE_EXTERN = NO;
				INSTALL_PATH = "";
				OTHER_LDFLAGS = ("","$(inherited)");
				OTHER_REZFLAGS = "";
				PRODUCT_NAME = ALL_BUILD;
				SECTORDER_FLAGS = "";
				USE_HEADERMAP = NO;
				WARNING_CFLAGS = ("$(inherited)");
			};
			name = Release;
		};
/* End XCBuildConfiguration section */

/* Begin XCConfigurationList section */
		2797C77AEBA34882AD9416B3 /* Build configuration list for PBXAggregateTarget "ALL_BUILD" */ = {
			isa = XCConfigurationList;
			buildConfigurations = (
				DDB8FD0BB1F24A0682C85E36 /* Debug */,
				EDF7A0A82B37401B8FDE0E78 /* Release */,
				A69731D2540E43F1BDD18B97 /* MinSizeRel */,
				579E621A4C5042BB9E38985E /* RelWithDebInfo */,
			);
			defaultConfigurationIsVisible = 0;
			defaultConfigurationName = Debug;
		};
		2DEE180F606D42A395DF6BDB /* Build configuration list for PBXNativeTarget "FFGLTouchEngineFX" */ = {
			isa = XCConfigurationList;
			buildConfigurations = (
				78D95AC3E41C43B4A3D69B3C /* Debug */,
				6DAD1A30E66841259D1CD9CD /* Release */,
				36B0FCEA400F406CA1AE00C1 /* MinSizeRel */,
				62E5F0A917304118B1DD7436 /* RelWithDebInfo */,
			);
			defaultConfigurationIsVisible = 0;
			defaultConfigurationName = Debug;
		};
		8565B37AF08E46A0949FB214 /* Build configuration list for PBXNativeTarget "FFGLTouchEngine" */ = {
			isa = XCConfigurationList;
			buildConfigurations = (
				4B77D105A49043B5A2568F81 /* Debug */,
				3DD8F07FD10940BFA88D63CD /* Release */,
				A8EA0FD0821A468EA9052E3B /* MinSizeRel */,
				690A47719ADC41948558D077 /* RelWithDebInfo */,
			);
			defaultConfigurationIsVisible = 0;
			defaultConfigurationName = Debug;
		};
		BB3D6BB2EA4147CB958E26CE /* Build configuration list for PBXProject "FFGLTouchEngine" */ = {
			isa = XCConfigurationList;
			buildConfigurations = (
				67E96E56153A4882BEDCB5D8 /* Debug */,
				1B1E0585C49E4F488F12F408 /* Release */,
				50FC60E74B5348A9904C2A6B /* MinSizeRel */,
				5868A06C73DE4038A90785A9 /* RelWithDebInfo */,
			);
			defaultConfigurationIsVisible = 0;
			defaultConfigurationName = Debug;
		};
/* End XCConfigurationList section */
	};
	rootObject = 01C82F7D8F10461CB8C48E6C /* Project object */;
}
